
Microsoft Visual Studio Solution File, Format Version 12.00
# Visual Studio Version 16
VisualStudioVersion = 16.0.30406.217
MinimumVisualStudioVersion = 10.0.40219.1
Project("{9A19103F-16F7-4668-BE54-9A1E7A4F7556}") = "ImplantPrimaryStatTable", "ImplantPrimaryStatTable\ImplantPrimaryStatTable.csproj", "{8676BE48-A121-42E3-8947-5171F0BC4E02}"
EndProject
Project("{9A19103F-16F7-4668-BE54-9A1E7A4F7556}") = "Stage Parser", "Stage Parser\Stage Parser.csproj", "{3C76E3D3-D975-47C0-872B-CA82E0B057EF}"
EndProject
Global
	GlobalSection(SolutionConfigurationPlatforms) = preSolution
		Debug|Any CPU = Debug|Any CPU
		Release|Any CPU = Release|Any CPU
	EndGlobalSection
	GlobalSection(ProjectConfigurationPlatforms) = postSolution
		{8676BE48-A121-42E3-8947-5171F0BC4E02}.Debug|Any CPU.ActiveCfg = Debug|Any CPU
		{8676BE48-A121-42E3-8947-5171F0BC4E02}.Debug|Any CPU.Build.0 = Debug|Any CPU
		{8676BE48-A121-42E3-8947-5171F0BC4E02}.Release|Any CPU.ActiveCfg = Release|Any CPU
		{8676BE48-A121-42E3-8947-5171F0BC4E02}.Release|Any CPU.Build.0 = Release|Any CPU
		{3C76E3D3-D975-47C0-872B-CA82E0B057EF}.Debug|Any CPU.ActiveCfg = Debug|Any CPU
		{3C76E3D3-D975-47C0-872B-CA82E0B057EF}.Debug|Any CPU.Build.0 = Debug|Any CPU
		{3C76E3D3-D975-47C0-872B-CA82E0B057EF}.Release|Any CPU.ActiveCfg = Release|Any CPU
		{3C76E3D3-D975-47C0-872B-CA82E0B057EF}.Release|Any CPU.Build.0 = Release|Any CPU
	EndGlobalSection
	GlobalSection(SolutionProperties) = preSolution
		HideSolutionNode = FALSE
	EndGlobalSection
	GlobalSection(ExtensibilityGlobals) = postSolution
		SolutionGuid = {58DBFBF6-7BC7-439F-9869-BA81ACBCC49B}
	EndGlobalSection
EndGlobal
